
Microsoft Visual Studio Solution File, Format Version 12.00
# Visual Studio Express 2013 for Windows Desktop
VisualStudioVersion = 12.0.30723.0
MinimumVisualStudioVersion = 10.0.40219.1
Project("{FAE04EC0-301F-11D3-BF4B-00C04F79EFBC}") = "GameTests", "GameTests\GameTests.csproj", "{B056316D-A431-4DBF-BB52-0BB25660EB4F}"
EndProject
Project("{FAE04EC0-301F-11D3-BF4B-00C04F79EFBC}") = "MapEditor", "MapEditor\MapEditor.csproj", "{41EAC50A-8C67-4494-AFAE-6068E0668E54}"
EndProject
Project("{FAE04EC0-301F-11D3-BF4B-00C04F79EFBC}") = "Common", "Common\Common.csproj", "{ABDBD0DD-A3B4-4010-9B8E-1717D98F7D6E}"
EndProject
Global
	GlobalSection(SolutionConfigurationPlatforms) = preSolution
		Debug|Any CPU = Debug|Any CPU
		Debug|Mixed Platforms = Debug|Mixed Platforms
		Debug|x86 = Debug|x86
		Release|Any CPU = Release|Any CPU
		Release|Mixed Platforms = Release|Mixed Platforms
		Release|x86 = Release|x86
	EndGlobalSection
	GlobalSection(ProjectConfigurationPlatforms) = postSolution
		{B056316D-A431-4DBF-BB52-0BB25660EB4F}.Debug|Any CPU.ActiveCfg = Debug|x86
		{B056316D-A431-4DBF-BB52-0BB25660EB4F}.Debug|Mixed Platforms.ActiveCfg = Debug|x86
		{B056316D-A431-4DBF-BB52-0BB25660EB4F}.Debug|Mixed Platforms.Build.0 = Debug|x86
		{B056316D-A431-4DBF-BB52-0BB25660EB4F}.Debug|x86.ActiveCfg = Debug|x86
		{B056316D-A431-4DBF-BB52-0BB25660EB4F}.Debug|x86.Build.0 = Debug|x86
		{B056316D-A431-4DBF-BB52-0BB25660EB4F}.Release|Any CPU.ActiveCfg = Release|x86
		{B056316D-A431-4DBF-BB52-0BB25660EB4F}.Release|Mixed Platforms.ActiveCfg = Release|x86
		{B056316D-A431-4DBF-BB52-0BB25660EB4F}.Release|Mixed Platforms.Build.0 = Release|x86
		{B056316D-A431-4DBF-BB52-0BB25660EB4F}.Release|x86.ActiveCfg = Release|x86
		{B056316D-A431-4DBF-BB52-0BB25660EB4F}.Release|x86.Build.0 = Release|x86
		{41EAC50A-8C67-4494-AFAE-6068E0668E54}.Debug|Any CPU.ActiveCfg = Debug|Any CPU
		{41EAC50A-8C67-4494-AFAE-6068E0668E54}.Debug|Any CPU.Build.0 = Debug|Any CPU
		{41EAC50A-8C67-4494-AFAE-6068E0668E54}.Debug|Mixed Platforms.ActiveCfg = Debug|Any CPU
		{41EAC50A-8C67-4494-AFAE-6068E0668E54}.Debug|Mixed Platforms.Build.0 = Debug|Any CPU
		{41EAC50A-8C67-4494-AFAE-6068E0668E54}.Debug|x86.ActiveCfg = Debug|Any CPU
		{41EAC50A-8C67-4494-AFAE-6068E0668E54}.Release|Any CPU.ActiveCfg = Release|Any CPU
		{41EAC50A-8C67-4494-AFAE-6068E0668E54}.Release|Any CPU.Build.0 = Release|Any CPU
		{41EAC50A-8C67-4494-AFAE-6068E0668E54}.Release|Mixed Platforms.ActiveCfg = Release|Any CPU
		{41EAC50A-8C67-4494-AFAE-6068E0668E54}.Release|Mixed Platforms.Build.0 = Release|Any CPU
		{41EAC50A-8C67-4494-AFAE-6068E0668E54}.Release|x86.ActiveCfg = Release|Any CPU
		{ABDBD0DD-A3B4-4010-9B8E-1717D98F7D6E}.Debug|Any CPU.ActiveCfg = Debug|Any CPU
		{ABDBD0DD-A3B4-4010-9B8E-1717D98F7D6E}.Debug|Any CPU.Build.0 = Debug|Any CPU
		{ABDBD0DD-A3B4-4010-9B8E-1717D98F7D6E}.Debug|Mixed Platforms.ActiveCfg = Debug|Any CPU
		{ABDBD0DD-A3B4-4010-9B8E-1717D98F7D6E}.Debug|Mixed Platforms.Build.0 = Debug|Any CPU
		{ABDBD0DD-A3B4-4010-9B8E-1717D98F7D6E}.Debug|x86.ActiveCfg = Debug|Any CPU
		{ABDBD0DD-A3B4-4010-9B8E-1717D98F7D6E}.Release|Any CPU.ActiveCfg = Release|Any CPU
		{ABDBD0DD-A3B4-4010-9B8E-1717D98F7D6E}.Release|Any CPU.Build.0 = Release|Any CPU
		{ABDBD0DD-A3B4-4010-9B8E-1717D98F7D6E}.Release|Mixed Platforms.ActiveCfg = Release|Any CPU
		{ABDBD0DD-A3B4-4010-9B8E-1717D98F7D6E}.Release|Mixed Platforms.Build.0 = Release|Any CPU
		{ABDBD0DD-A3B4-4010-9B8E-1717D98F7D6E}.Release|x86.ActiveCfg = Release|Any CPU
	EndGlobalSection
	GlobalSection(SolutionProperties) = preSolution
		HideSolutionNode = FALSE
	EndGlobalSection
EndGlobal
